// !$*UTF8*$!
{
	archiveVersion = 1;
	classes = {
	};
	objectVersion = 46;
	objects = {

/* Begin PBXBuildFile section */
		85887BF91902E9BF000710FA /* Foundation.framework in Frameworks */ = {isa = PBXBuildFile; fileRef = 85887BF81902E9BF000710FA /* Foundation.framework */; };
		85887BFB1902E9BF000710FA /* CoreGraphics.framework in Frameworks */ = {isa = PBXBuildFile; fileRef = 85887BFA1902E9BF000710FA /* CoreGraphics.framework */; };
		85887BFD1902E9BF000710FA /* UIKit.framework in Frameworks */ = {isa = PBXBuildFile; fileRef = 85887BFC1902E9BF000710FA /* UIKit.framework */; };
		85887C031902E9BF000710FA /* InfoPlist.strings in Resources */ = {isa = PBXBuildFile; fileRef = 85887C011902E9BF000710FA /* InfoPlist.strings */; };
		85887C051902E9BF000710FA /* main.m in Sources */ = {isa = PBXBuildFile; fileRef = 85887C041902E9BF000710FA /* main.m */; };
		85887C091902E9BF000710FA /* obcAppDelegate.m in Sources */ = {isa = PBXBuildFile; fileRef = 85887C081902E9BF000710FA /* obcAppDelegate.m */; };
		85887C0C1902E9BF000710FA /* Main_iPhone.storyboard in Resources */ = {isa = PBXBuildFile; fileRef = 85887C0A1902E9BF000710FA /* Main_iPhone.storyboard */; };
		85887C0F1902E9BF000710FA /* Main_iPad.storyboard in Resources */ = {isa = PBXBuildFile; fileRef = 85887C0D1902E9BF000710FA /* Main_iPad.storyboard */; };
		85887C121902E9BF000710FA /* obcViewController.m in Sources */ = {isa = PBXBuildFile; fileRef = 85887C111902E9BF000710FA /* obcViewController.m */; };
		85887C141902E9BF000710FA /* Images.xcassets in Resources */ = {isa = PBXBuildFile; fileRef = 85887C131902E9BF000710FA /* Images.xcassets */; };
		85887C1B1902E9BF000710FA /* XCTest.framework in Frameworks */ = {isa = PBXBuildFile; fileRef = 85887C1A1902E9BF000710FA /* XCTest.framework */; };
		85887C1C1902E9BF000710FA /* Foundation.framework in Frameworks */ = {isa = PBXBuildFile; fileRef = 85887BF81902E9BF000710FA /* Foundation.framework */; };
		85887C1D1902E9BF000710FA /* UIKit.framework in Frameworks */ = {isa = PBXBuildFile; fileRef = 85887BFC1902E9BF000710FA /* UIKit.framework */; };
		85887C251902E9BF000710FA /* InfoPlist.strings in Resources */ = {isa = PBXBuildFile; fileRef = 85887C231902E9BF000710FA /* InfoPlist.strings */; };
		85887C271902E9BF000710FA /* Oblique_CookingTests.m in Sources */ = {isa = PBXBuildFile; fileRef = 85887C261902E9BF000710FA /* Oblique_CookingTests.m */; };
		85887C351902EF14000710FA /* obcHYCViewController.m in Sources */ = {isa = PBXBuildFile; fileRef = 85887C341902EF14000710FA /* obcHYCViewController.m */; };
		85887C381902F15E000710FA /* obcGMOHViewController.m in Sources */ = {isa = PBXBuildFile; fileRef = 85887C371902F15E000710FA /* obcGMOHViewController.m */; };
/* End PBXBuildFile section */

/* Begin PBXContainerItemProxy section */
		85887C1E1902E9BF000710FA /* PBXContainerItemProxy */ = {
			isa = PBXContainerItemProxy;
			containerPortal = 85887BED1902E9BF000710FA /* Project object */;
			proxyType = 1;
			remoteGlobalIDString = 85887BF41902E9BF000710FA;
			remoteInfo = "Oblique Cooking";
		};
/* End PBXContainerItemProxy section */

/* Begin PBXFileReference section */
		85887BF51902E9BF000710FA /* Oblique Cooking.app */ = {isa = PBXFileReference; explicitFileType = wrapper.application; includeInIndex = 0; path = "Oblique Cooking.app"; sourceTree = BUILT_PRODUCTS_DIR; };
		85887BF81902E9BF000710FA /* Foundation.framework */ = {isa = PBXFileReference; lastKnownFileType = wrapper.framework; name = Foundation.framework; path = System/Library/Frameworks/Foundation.framework; sourceTree = SDKROOT; };
		85887BFA1902E9BF000710FA /* CoreGraphics.framework */ = {isa = PBXFileReference; lastKnownFileType = wrapper.framework; name = CoreGraphics.framework; path = System/Library/Frameworks/CoreGraphics.framework; sourceTree = SDKROOT; };
		85887BFC1902E9BF000710FA /* UIKit.framework */ = {isa = PBXFileReference; lastKnownFileType = wrapper.framework; name = UIKit.framework; path = System/Library/Frameworks/UIKit.framework; sourceTree = SDKROOT; };
		85887C001902E9BF000710FA /* Oblique Cooking-Info.plist */ = {isa = PBXFileReference; lastKnownFileType = text.plist.xml; path = "Oblique Cooking-Info.plist"; sourceTree = "<group>"; };
		85887C021902E9BF000710FA /* en */ = {isa = PBXFileReference; lastKnownFileType = text.plist.strings; name = en; path = en.lproj/InfoPlist.strings; sourceTree = "<group>"; };
		85887C041902E9BF000710FA /* main.m */ = {isa = PBXFileReference; lastKnownFileType = sourcecode.c.objc; path = main.m; sourceTree = "<group>"; };
		85887C061902E9BF000710FA /* Oblique Cooking-Prefix.pch */ = {isa = PBXFileReference; lastKnownFileType = sourcecode.c.h; path = "Oblique Cooking-Prefix.pch"; sourceTree = "<group>"; };
		85887C071902E9BF000710FA /* obcAppDelegate.h */ = {isa = PBXFileReference; lastKnownFileType = sourcecode.c.h; path = obcAppDelegate.h; sourceTree = "<group>"; };
		85887C081902E9BF000710FA /* obcAppDelegate.m */ = {isa = PBXFileReference; lastKnownFileType = sourcecode.c.objc; path = obcAppDelegate.m; sourceTree = "<group>"; };
		85887C0B1902E9BF000710FA /* Base */ = {isa = PBXFileReference; lastKnownFileType = file.storyboard; name = Base; path = Base.lproj/Main_iPhone.storyboard; sourceTree = "<group>"; };
		85887C0E1902E9BF000710FA /* Base */ = {isa = PBXFileReference; lastKnownFileType = file.storyboard; name = Base; path = Base.lproj/Main_iPad.storyboard; sourceTree = "<group>"; };
		85887C101902E9BF000710FA /* obcViewController.h */ = {isa = PBXFileReference; lastKnownFileType = sourcecode.c.h; path = obcViewController.h; sourceTree = "<group>"; };
		85887C111902E9BF000710FA /* obcViewController.m */ = {isa = PBXFileReference; lastKnownFileType = sourcecode.c.objc; path = obcViewController.m; sourceTree = "<group>"; };
		85887C131902E9BF000710FA /* Images.xcassets */ = {isa = PBXFileReference; lastKnownFileType = folder.assetcatalog; path = Images.xcassets; sourceTree = "<group>"; };
		85887C191902E9BF000710FA /* Oblique CookingTests.xctest */ = {isa = PBXFileReference; explicitFileType = wrapper.cfbundle; includeInIndex = 0; path = "Oblique CookingTests.xctest"; sourceTree = BUILT_PRODUCTS_DIR; };
		85887C1A1902E9BF000710FA /* XCTest.framework */ = {isa = PBXFileReference; lastKnownFileType = wrapper.framework; name = XCTest.framework; path = Library/Frameworks/XCTest.framework; sourceTree = DEVELOPER_DIR; };
		85887C221902E9BF000710FA /* Oblique CookingTests-Info.plist */ = {isa = PBXFileReference; lastKnownFileType = text.plist.xml; path = "Oblique CookingTests-Info.plist"; sourceTree = "<group>"; };
		85887C241902E9BF000710FA /* en */ = {isa = PBXFileReference; lastKnownFileType = text.plist.strings; name = en; path = en.lproj/InfoPlist.strings; sourceTree = "<group>"; };
		85887C261902E9BF000710FA /* Oblique_CookingTests.m */ = {isa = PBXFileReference; lastKnownFileType = sourcecode.c.objc; path = Oblique_CookingTests.m; sourceTree = "<group>"; };
		85887C331902EF14000710FA /* obcHYCViewController.h */ = {isa = PBXFileReference; fileEncoding = 4; lastKnownFileType = sourcecode.c.h; path = obcHYCViewController.h; sourceTree = "<group>"; };
		85887C341902EF14000710FA /* obcHYCViewController.m */ = {isa = PBXFileReference; fileEncoding = 4; lastKnownFileType = sourcecode.c.objc; path = obcHYCViewController.m; sourceTree = "<group>"; };
		85887C361902F15E000710FA /* obcGMOHViewController.h */ = {isa = PBXFileReference; fileEncoding = 4; lastKnownFileType = sourcecode.c.h; path = obcGMOHViewController.h; sourceTree = "<group>"; };
		85887C371902F15E000710FA /* obcGMOHViewController.m */ = {isa = PBXFileReference; fileEncoding = 4; lastKnownFileType = sourcecode.c.objc; path = obcGMOHViewController.m; sourceTree = "<group>"; };
/* End PBXFileReference section */

/* Begin PBXFrameworksBuildPhase section */
		85887BF21902E9BF000710FA /* Frameworks */ = {
			isa = PBXFrameworksBuildPhase;
			buildActionMask = 2147483647;
			files = (
				85887BFB1902E9BF000710FA /* CoreGraphics.framework in Frameworks */,
				85887BFD1902E9BF000710FA /* UIKit.framework in Frameworks */,
				85887BF91902E9BF000710FA /* Foundation.framework in Frameworks */,
			);
			runOnlyForDeploymentPostprocessing = 0;
		};
		85887C161902E9BF000710FA /* Frameworks */ = {
			isa = PBXFrameworksBuildPhase;
			buildActionMask = 2147483647;
			files = (
				85887C1B1902E9BF000710FA /* XCTest.framework in Frameworks */,
				85887C1D1902E9BF000710FA /* UIKit.framework in Frameworks */,
				85887C1C1902E9BF000710FA /* Foundation.framework in Frameworks */,
			);
			runOnlyForDeploymentPostprocessing = 0;
		};
/* End PBXFrameworksBuildPhase section */

/* Begin PBXGroup section */
		85887BEC1902E9BF000710FA = {
			isa = PBXGroup;
			children = (
				85887BFE1902E9BF000710FA /* Oblique Cooking */,
				85887C201902E9BF000710FA /* Oblique CookingTests */,
				85887BF71902E9BF000710FA /* Frameworks */,
				85887BF61902E9BF000710FA /* Products */,
			);
			sourceTree = "<group>";
		};
		85887BF61902E9BF000710FA /* Products */ = {
			isa = PBXGroup;
			children = (
				85887BF51902E9BF000710FA /* Oblique Cooking.app */,
				85887C191902E9BF000710FA /* Oblique CookingTests.xctest */,
			);
			name = Products;
			sourceTree = "<group>";
		};
		85887BF71902E9BF000710FA /* Frameworks */ = {
			isa = PBXGroup;
			children = (
				85887BF81902E9BF000710FA /* Foundation.framework */,
				85887BFA1902E9BF000710FA /* CoreGraphics.framework */,
				85887BFC1902E9BF000710FA /* UIKit.framework */,
				85887C1A1902E9BF000710FA /* XCTest.framework */,
			);
			name = Frameworks;
			sourceTree = "<group>";
		};
		85887BFE1902E9BF000710FA /* Oblique Cooking */ = {
			isa = PBXGroup;
			children = (
				85887C071902E9BF000710FA /* obcAppDelegate.h */,
				85887C081902E9BF000710FA /* obcAppDelegate.m */,
				85887C0A1902E9BF000710FA /* Main_iPhone.storyboard */,
				85887C0D1902E9BF000710FA /* Main_iPad.storyboard */,
				85887C101902E9BF000710FA /* obcViewController.h */,
				85887C111902E9BF000710FA /* obcViewController.m */,
				85887C131902E9BF000710FA /* Images.xcassets */,
				85887BFF1902E9BF000710FA /* Supporting Files */,
				85887C331902EF14000710FA /* obcHYCViewController.h */,
				85887C341902EF14000710FA /* obcHYCViewController.m */,
				85887C361902F15E000710FA /* obcGMOHViewController.h */,
				85887C371902F15E000710FA /* obcGMOHViewController.m */,
			);
			path = "Oblique Cooking";
			sourceTree = "<group>";
		};
		85887BFF1902E9BF000710FA /* Supporting Files */ = {
			isa = PBXGroup;
			children = (
				85887C001902E9BF000710FA /* Oblique Cooking-Info.plist */,
				85887C011902E9BF000710FA /* InfoPlist.strings */,
				85887C041902E9BF000710FA /* main.m */,
				85887C061902E9BF000710FA /* Oblique Cooking-Prefix.pch */,
			);
			name = "Supporting Files";
			sourceTree = "<group>";
		};
		85887C201902E9BF000710FA /* Oblique CookingTests */ = {
			isa = PBXGroup;
			children = (
				85887C261902E9BF000710FA /* Oblique_CookingTests.m */,
				85887C211902E9BF000710FA /* Supporting Files */,
			);
			path = "Oblique CookingTests";
			sourceTree = "<group>";
		};
		85887C211902E9BF000710FA /* Supporting Files */ = {
			isa = PBXGroup;
			children = (
				85887C221902E9BF000710FA /* Oblique CookingTests-Info.plist */,
				85887C231902E9BF000710FA /* InfoPlist.strings */,
			);
			name = "Supporting Files";
			sourceTree = "<group>";
		};
/* End PBXGroup section */

/* Begin PBXNativeTarget section */
		85887BF41902E9BF000710FA /* Oblique Cooking */ = {
			isa = PBXNativeTarget;
			buildConfigurationList = 85887C2A1902E9BF000710FA /* Build configuration list for PBXNativeTarget "Oblique Cooking" */;
			buildPhases = (
				85887BF11902E9BF000710FA /* Sources */,
				85887BF21902E9BF000710FA /* Frameworks */,
				85887BF31902E9BF000710FA /* Resources */,
			);
			buildRules = (
			);
			dependencies = (
			);
			name = "Oblique Cooking";
			productName = "Oblique Cooking";
			productReference = 85887BF51902E9BF000710FA /* Oblique Cooking.app */;
			productType = "com.apple.product-type.application";
		};
		85887C181902E9BF000710FA /* Oblique CookingTests */ = {
			isa = PBXNativeTarget;
			buildConfigurationList = 85887C2D1902E9BF000710FA /* Build configuration list for PBXNativeTarget "Oblique CookingTests" */;
			buildPhases = (
				85887C151902E9BF000710FA /* Sources */,
				85887C161902E9BF000710FA /* Frameworks */,
				85887C171902E9BF000710FA /* Resources */,
			);
			buildRules = (
			);
			dependencies = (
				85887C1F1902E9BF000710FA /* PBXTargetDependency */,
			);
			name = "Oblique CookingTests";
			productName = "Oblique CookingTests";
			productReference = 85887C191902E9BF000710FA /* Oblique CookingTests.xctest */;
			productType = "com.apple.product-type.bundle.unit-test";
		};
/* End PBXNativeTarget section */

/* Begin PBXProject section */
		85887BED1902E9BF000710FA /* Project object */ = {
			isa = PBXProject;
			attributes = {
				CLASSPREFIX = obc;
				LastUpgradeCheck = 0510;
				ORGANIZATIONNAME = "Lettvin Meltzer";
				TargetAttributes = {
					85887C181902E9BF000710FA = {
						TestTargetID = 85887BF41902E9BF000710FA;
					};
				};
			};
			buildConfigurationList = 85887BF01902E9BF000710FA /* Build configuration list for PBXProject "Oblique Cooking" */;
			compatibilityVersion = "Xcode 3.2";
			developmentRegion = English;
			hasScannedForEncodings = 0;
			knownRegions = (
				en,
				Base,
			);
			mainGroup = 85887BEC1902E9BF000710FA;
			productRefGroup = 85887BF61902E9BF000710FA /* Products */;
			projectDirPath = "";
			projectRoot = "";
			targets = (
				85887BF41902E9BF000710FA /* Oblique Cooking */,
				85887C181902E9BF000710FA /* Oblique CookingTests */,
			);
		};
/* End PBXProject section */

/* Begin PBXResourcesBuildPhase section */
		85887BF31902E9BF000710FA /* Resources */ = {
			isa = PBXResourcesBuildPhase;
			buildActionMask = 2147483647;
			files = (
				85887C0F1902E9BF000710FA /* Main_iPad.storyboard in Resources */,
				85887C141902E9BF000710FA /* Images.xcassets in Resources */,
				85887C0C1902E9BF000710FA /* Main_iPhone.storyboard in Resources */,
				85887C031902E9BF000710FA /* InfoPlist.strings in Resources */,
			);
			runOnlyForDeploymentPostprocessing = 0;
		};
		85887C171902E9BF000710FA /* Resources */ = {
			isa = PBXResourcesBuildPhase;
			buildActionMask = 2147483647;
			files = (
				85887C251902E9BF000710FA /* InfoPlist.strings in Resources */,
			);
			runOnlyForDeploymentPostprocessing = 0;
		};
/* End PBXResourcesBuildPhase section */

/* Begin PBXSourcesBuildPhase section */
		85887BF11902E9BF000710FA /* Sources */ = {
			isa = PBXSourcesBuildPhase;
			buildActionMask = 2147483647;
			files = (
				85887C351902EF14000710FA /* obcHYCViewController.m in Sources */,
				85887C381902F15E000710FA /* obcGMOHViewController.m in Sources */,
				85887C121902E9BF000710FA /* obcViewController.m in Sources */,
				85887C051902E9BF000710FA /* main.m in Sources */,
				85887C091902E9BF000710FA /* obcAppDelegate.m in Sources */,
			);
			runOnlyForDeploymentPostprocessing = 0;
		};
		85887C151902E9BF000710FA /* Sources */ = {
			isa = PBXSourcesBuildPhase;
			buildActionMask = 2147483647;
			files = (
				85887C271902E9BF000710FA /* Oblique_CookingTests.m in Sources */,
			);
			runOnlyForDeploymentPostprocessing = 0;
		};
/* End PBXSourcesBuildPhase section */

/* Begin PBXTargetDependency section */
		85887C1F1902E9BF000710FA /* PBXTargetDependency */ = {
			isa = PBXTargetDependency;
			target = 85887BF41902E9BF000710FA /* Oblique Cooking */;
			targetProxy = 85887C1E1902E9BF000710FA /* PBXContainerItemProxy */;
		};
/* End PBXTargetDependency section */

/* Begin PBXVariantGroup section */
		85887C011902E9BF000710FA /* InfoPlist.strings */ = {
			isa = PBXVariantGroup;
			children = (
				85887C021902E9BF000710FA /* en */,
			);
			name = InfoPlist.strings;
			sourceTree = "<group>";
		};
		85887C0A1902E9BF000710FA /* Main_iPhone.storyboard */ = {
			isa = PBXVariantGroup;
			children = (
				85887C0B1902E9BF000710FA /* Base */,
			);
			name = Main_iPhone.storyboard;
			sourceTree = "<group>";
		};
		85887C0D1902E9BF000710FA /* Main_iPad.storyboard */ = {
			isa = PBXVariantGroup;
			children = (
				85887C0E1902E9BF000710FA /* Base */,
			);
			name = Main_iPad.storyboard;
			sourceTree = "<group>";
		};
		85887C231902E9BF000710FA /* InfoPlist.strings */ = {
			isa = PBXVariantGroup;
			children = (
				85887C241902E9BF000710FA /* en */,
			);
			name = InfoPlist.strings;
			sourceTree = "<group>";
		};
/* End PBXVariantGroup section */

/* Begin XCBuildConfiguration section */
		85887C281902E9BF000710FA /* Debug */ = {
			isa = XCBuildConfiguration;
			buildSettings = {
				ALWAYS_SEARCH_USER_PATHS = NO;
				CLANG_CXX_LANGUAGE_STANDARD = "gnu++0x";
				CLANG_CXX_LIBRARY = "libc++";
				CLANG_ENABLE_MODULES = YES;
				CLANG_ENABLE_OBJC_ARC = YES;
				CLANG_WARN_BOOL_CONVERSION = YES;
				CLANG_WARN_CONSTANT_CONVERSION = YES;
				CLANG_WARN_DIRECT_OBJC_ISA_USAGE = YES_ERROR;
				CLANG_WARN_EMPTY_BODY = YES;
				CLANG_WARN_ENUM_CONVERSION = YES;
				CLANG_WARN_INT_CONVERSION = YES;
				CLANG_WARN_OBJC_ROOT_CLASS = YES_ERROR;
				CLANG_WARN__DUPLICATE_METHOD_MATCH = YES;
				"CODE_SIGN_IDENTITY[sdk=iphoneos*]" = "iPhone Developer";
				COPY_PHASE_STRIP = NO;
				GCC_C_LANGUAGE_STANDARD = gnu99;
				GCC_DYNAMIC_NO_PIC = NO;
				GCC_OPTIMIZATION_LEVEL = 0;
				GCC_PREPROCESSOR_DEFINITIONS = (
					"DEBUG=1",
					"$(inherited)",
				);
				GCC_SYMBOLS_PRIVATE_EXTERN = NO;
				GCC_WARN_64_TO_32_BIT_CONVERSION = YES;
				GCC_WARN_ABOUT_RETURN_TYPE = YES_ERROR;
				GCC_WARN_UNDECLARED_SELECTOR = YES;
				GCC_WARN_UNINITIALIZED_AUTOS = YES_AGGRESSIVE;
				GCC_WARN_UNUSED_FUNCTION = YES;
				GCC_WARN_UNUSED_VARIABLE = YES;
				IPHONEOS_DEPLOYMENT_TARGET = 7.1;
				ONLY_ACTIVE_ARCH = YES;
				SDKROOT = iphoneos;
				TARGETED_DEVICE_FAMILY = "1,2";
			};
			name = Debug;
		};
		85887C291902E9BF000710FA /* Release */ = {
			isa = XCBuildConfiguration;
			buildSettings = {
				ALWAYS_SEARCH_USER_PATHS = NO;
				CLANG_CXX_LANGUAGE_STANDARD = "gnu++0x";
				CLANG_CXX_LIBRARY = "libc++";
				CLANG_ENABLE_MODULES = YES;
				CLANG_ENABLE_OBJC_ARC = YES;
				CLANG_WARN_BOOL_CONVERSION = YES;
				CLANG_WARN_CONSTANT_CONVERSION = YES;
				CLANG_WARN_DIRECT_OBJC_ISA_USAGE = YES_ERROR;
				CLANG_WARN_EMPTY_BODY = YES;
				CLANG_WARN_ENUM_CONVERSION = YES;
				CLANG_WARN_INT_CONVERSION = YES;
				CLANG_WARN_OBJC_ROOT_CLASS = YES_ERROR;
				CLANG_WARN__DUPLICATE_METHOD_MATCH = YES;
				"CODE_SIGN_IDENTITY[sdk=iphoneos*]" = "iPhone Developer";
				COPY_PHASE_STRIP = YES;
				ENABLE_NS_ASSERTIONS = NO;
				GCC_C_LANGUAGE_STANDARD = gnu99;
				GCC_WARN_64_TO_32_BIT_CONVERSION = YES;
				GCC_WARN_ABOUT_RETURN_TYPE = YES_ERROR;
				GCC_WARN_UNDECLARED_SELECTOR = YES;
				GCC_WARN_UNINITIALIZED_AUTOS = YES_AGGRESSIVE;
				GCC_WARN_UNUSED_FUNCTION = YES;
				GCC_WARN_UNUSED_VARIABLE = YES;
				IPHONEOS_DEPLOYMENT_TARGET = 7.1;
				SDKROOT = iphoneos;
				TARGETED_DEVICE_FAMILY = "1,2";
				VALIDATE_PRODUCT = YES;
			};
			name = Release;
		};
		85887C2B1902E9BF000710FA /* Debug */ = {
			isa = XCBuildConfiguration;
			buildSettings = {
				ASSETCATALOG_COMPILER_APPICON_NAME = AppIcon;
				ASSETCATALOG_COMPILER_LAUNCHIMAGE_NAME = LaunchImage;
				GCC_PRECOMPILE_PREFIX_HEADER = YES;
				GCC_PREFIX_HEADER = "Oblique Cooking/Oblique Cooking-Prefix.pch";
				INFOPLIST_FILE = "Oblique Cooking/Oblique Cooking-Info.plist";
				PRODUCT_NAME = "$(TARGET_NAME)";
				WRAPPER_EXTENSION = app;
			};
			name = Debug;
		};
		85887C2C1902E9BF000710FA /* Release */ = {
			isa = XCBuildConfiguration;
			buildSettings = {
				ASSETCATALOG_COMPILER_APPICON_NAME = AppIcon;
				ASSETCATALOG_COMPILER_LAUNCHIMAGE_NAME = LaunchImage;
				GCC_PRECOMPILE_PREFIX_HEADER = YES;
				GCC_PREFIX_HEADER = "Oblique Cooking/Oblique Cooking-Prefix.pch";
				INFOPLIST_FILE = "Oblique Cooking/Oblique Cooking-Info.plist";
				PRODUCT_NAME = "$(TARGET_NAME)";
				WRAPPER_EXTENSION = app;
			};
			name = Release;
		};
		85887C2E1902E9BF000710FA /* Debug */ = {
			isa = XCBuildConfiguration;
			buildSettings = {
				BUNDLE_LOADER = "$(BUILT_PRODUCTS_DIR)/Oblique Cooking.app/Oblique Cooking";
				FRAMEWORK_SEARCH_PATHS = (
					"$(SDKROOT)/Developer/Library/Frameworks",
					"$(inherited)",
					"$(DEVELOPER_FRAMEWORKS_DIR)",
				);
				GCC_PRECOMPILE_PREFIX_HEADER = YES;
				GCC_PREFIX_HEADER = "Oblique Cooking/Oblique Cooking-Prefix.pch";
				GCC_PREPROCESSOR_DEFINITIONS = (
					"DEBUG=1",
					"$(inherited)",
				);
				INFOPLIST_FILE = "Oblique CookingTests/Oblique CookingTests-Info.plist";
				PRODUCT_NAME = "$(TARGET_NAME)";
				TEST_HOST = "$(BUNDLE_LOADER)";
				WRAPPER_EXTENSION = xctest;
			};
			name = Debug;
		};
		85887C2F1902E9BF000710FA /* Release */ = {
			isa = XCBuildConfiguration;
			buildSettings = {
				BUNDLE_LOADER = "$(BUILT_PRODUCTS_DIR)/Oblique Cooking.app/Oblique Cooking";
				FRAMEWORK_SEARCH_PATHS = (
					"$(SDKROOT)/Developer/Library/Frameworks",
					"$(inherited)",
					"$(DEVELOPER_FRAMEWORKS_DIR)",
				);
				GCC_PRECOMPILE_PREFIX_HEADER = YES;
				GCC_PREFIX_HEADER = "Oblique Cooking/Oblique Cooking-Prefix.pch";
				INFOPLIST_FILE = "Oblique CookingTests/Oblique CookingTests-Info.plist";
				PRODUCT_NAME = "$(TARGET_NAME)";
				TEST_HOST = "$(BUNDLE_LOADER)";
				WRAPPER_EXTENSION = xctest;
			};
			name = Release;
		};
/* End XCBuildConfiguration section */

/* Begin XCConfigurationList section */
		85887BF01902E9BF000710FA /* Build configuration list for PBXProject "Oblique Cooking" */ = {
			isa = XCConfigurationList;
			buildConfigurations = (
				85887C281902E9BF000710FA /* Debug */,
				85887C291902E9BF000710FA /* Release */,
			);
			defaultConfigurationIsVisible = 0;
			defaultConfigurationName = Release;
		};
		85887C2A1902E9BF000710FA /* Build configuration list for PBXNativeTarget "Oblique Cooking" */ = {
			isa = XCConfigurationList;
			buildConfigurations = (
				85887C2B1902E9BF000710FA /* Debug */,
				85887C2C1902E9BF000710FA /* Release */,
			);
			defaultConfigurationIsVisible = 0;
		};
		85887C2D1902E9BF000710FA /* Build configuration list for PBXNativeTarget "Oblique CookingTests" */ = {
			isa = XCConfigurationList;
			buildConfigurations = (
				85887C2E1902E9BF000710FA /* Debug */,
				85887C2F1902E9BF000710FA /* Release */,
			);
			defaultConfigurationIsVisible = 0;
		};
/* End XCConfigurationList section */
	};
	rootObject = 85887BED1902E9BF000710FA /* Project object */;
}
